
Microsoft Visual Studio Solution File, Format Version 12.00
# Visual Studio Version 17
VisualStudioVersion = 17.10.35027.167
MinimumVisualStudioVersion = 10.0.40219.1
Project("{2150E333-8FDC-42A3-9474-1A3956D46DE8}") = "BLL", "BLL", "{079FDD69-AF0C-4EEC-A940-50C2B4553687}"
EndProject
Project("{2150E333-8FDC-42A3-9474-1A3956D46DE8}") = "DAL", "DAL", "{216EF8F5-4F7A-440F-AE7B-9B6A2D0D1ACC}"
EndProject
Project("{9A19103F-16F7-4668-BE54-9A1E7A4F7556}") = "TestProject", "TestProject\TestProject.csproj", "{D1780A6B-4ACF-48A5-802B-3201B04DF71E}"
EndProject
Project("{2150E333-8FDC-42A3-9474-1A3956D46DE8}") = "AdditionalModule", "AdditionalModule", "{FE2F8A48-0C71-4344-A105-61CD8F7B8CDE}"
EndProject
Project("{FAE04EC0-301F-11D3-BF4B-00C04F79EFBC}") = "FileIOHelper", "SubModules\FileIOHelper\FileIOHelper.csproj", "{2907B3B9-7E11-42BB-8010-2C050D4E2419}"
EndProject
Project("{FAE04EC0-301F-11D3-BF4B-00C04F79EFBC}") = "SingletonManager", "SubModules\SingletonManager\SingletonManager.csproj", "{7115F1B8-A55E-4939-891C-F732000BFEF9}"
EndProject
Project("{FAE04EC0-301F-11D3-BF4B-00C04F79EFBC}") = "CoreDAL", "SubModules\CoreDAL\CoreDAL.csproj", "{4CE798A5-018A-4974-AD99-8ECE8A0CBAEA}"
EndProject
Project("{FAE04EC0-301F-11D3-BF4B-00C04F79EFBC}") = "AgreementDAL", "SubModules\AgreementDAL\AgreementDAL.csproj", "{2D335F31-0AD6-4C2B-B625-EC40A4D27002}"
EndProject
Project("{FAE04EC0-301F-11D3-BF4B-00C04F79EFBC}") = "CarriedItemDAL", "SubModules\CarriedItemDAL\CarriedItemDAL.csproj", "{26CBD337-BCDC-4803-9387-B96F102F3DBC}"
EndProject
Project("{FAE04EC0-301F-11D3-BF4B-00C04F79EFBC}") = "OrgDAL", "SubModules\OrgDAL\OrgDAL.csproj", "{91F69F3D-EADB-4101-9934-774086DC67D7}"
EndProject
Project("{FAE04EC0-301F-11D3-BF4B-00C04F79EFBC}") = "UserDAL", "SubModules\UserDAL\UserDAL.csproj", "{1A3F0E12-6F52-43BD-AD14-E959ACE5EC23}"
EndProject
Project("{FAE04EC0-301F-11D3-BF4B-00C04F79EFBC}") = "VisitReserveDAL", "SubModules\VisitReserveDAL\VisitReserveDAL.csproj", "{72C9D9D3-C89C-45A7-80AC-1071C9E4AB0E}"
EndProject
Project("{FAE04EC0-301F-11D3-BF4B-00C04F79EFBC}") = "AuthService", "SubModules\AuthService\AuthService.csproj", "{B2810EA5-C921-4FC4-988F-0B3C15FA144C}"
EndProject
Project("{FAE04EC0-301F-11D3-BF4B-00C04F79EFBC}") = "IOManagerBLL", "SubModules\IOManager\IOManagerBLL.csproj", "{73D0B1D7-9B6B-4BD4-901F-4F8A13660A7B}"
EndProject
Project("{FAE04EC0-301F-11D3-BF4B-00C04F79EFBC}") = "OrgBLL", "SubModules\OrgBLL\OrgBLL.csproj", "{17678789-53E7-4E53-A436-1937C9D9C343}"
EndProject
Project("{FAE04EC0-301F-11D3-BF4B-00C04F79EFBC}") = "VisitBLL", "SubModules\VisitBLL\VisitBLL.csproj", "{BC3AFC84-8BD3-43BA-8824-69CDC5E1E922}"
EndProject
Project("{FAE04EC0-301F-11D3-BF4B-00C04F79EFBC}") = "WebFront", "SubModules\WEB_FRONT_VISITOR\WebFront.csproj", "{C9914DB8-382A-4780-9A6C-8916E94B33F9}"
EndProject
Project("{FAE04EC0-301F-11D3-BF4B-00C04F79EFBC}") = "CryptoManager", "SubModules\CryptoManager\CryptoManager.csproj", "{087BAF01-9F16-4DFE-86B9-36A03D32E56D}"
EndProject
Global
	GlobalSection(SolutionConfigurationPlatforms) = preSolution
		Debug|Any CPU = Debug|Any CPU
		Release|Any CPU = Release|Any CPU
	EndGlobalSection
	GlobalSection(ProjectConfigurationPlatforms) = postSolution
		{D1780A6B-4ACF-48A5-802B-3201B04DF71E}.Debug|Any CPU.ActiveCfg = Debug|Any CPU
		{D1780A6B-4ACF-48A5-802B-3201B04DF71E}.Debug|Any CPU.Build.0 = Debug|Any CPU
		{D1780A6B-4ACF-48A5-802B-3201B04DF71E}.Release|Any CPU.ActiveCfg = Release|Any CPU
		{D1780A6B-4ACF-48A5-802B-3201B04DF71E}.Release|Any CPU.Build.0 = Release|Any CPU
		{2907B3B9-7E11-42BB-8010-2C050D4E2419}.Debug|Any CPU.ActiveCfg = Debug|Any CPU
		{2907B3B9-7E11-42BB-8010-2C050D4E2419}.Debug|Any CPU.Build.0 = Debug|Any CPU
		{2907B3B9-7E11-42BB-8010-2C050D4E2419}.Release|Any CPU.ActiveCfg = Release|Any CPU
		{2907B3B9-7E11-42BB-8010-2C050D4E2419}.Release|Any CPU.Build.0 = Release|Any CPU
		{7115F1B8-A55E-4939-891C-F732000BFEF9}.Debug|Any CPU.ActiveCfg = Debug|Any CPU
		{7115F1B8-A55E-4939-891C-F732000BFEF9}.Debug|Any CPU.Build.0 = Debug|Any CPU
		{7115F1B8-A55E-4939-891C-F732000BFEF9}.Release|Any CPU.ActiveCfg = Release|Any CPU
		{7115F1B8-A55E-4939-891C-F732000BFEF9}.Release|Any CPU.Build.0 = Release|Any CPU
		{4CE798A5-018A-4974-AD99-8ECE8A0CBAEA}.Debug|Any CPU.ActiveCfg = Debug|Any CPU
		{4CE798A5-018A-4974-AD99-8ECE8A0CBAEA}.Debug|Any CPU.Build.0 = Debug|Any CPU
		{4CE798A5-018A-4974-AD99-8ECE8A0CBAEA}.Release|Any CPU.ActiveCfg = Release|Any CPU
		{4CE798A5-018A-4974-AD99-8ECE8A0CBAEA}.Release|Any CPU.Build.0 = Release|Any CPU
		{2D335F31-0AD6-4C2B-B625-EC40A4D27002}.Debug|Any CPU.ActiveCfg = Debug|Any CPU
		{2D335F31-0AD6-4C2B-B625-EC40A4D27002}.Debug|Any CPU.Build.0 = Debug|Any CPU
		{2D335F31-0AD6-4C2B-B625-EC40A4D27002}.Release|Any CPU.ActiveCfg = Release|Any CPU
		{2D335F31-0AD6-4C2B-B625-EC40A4D27002}.Release|Any CPU.Build.0 = Release|Any CPU
		{26CBD337-BCDC-4803-9387-B96F102F3DBC}.Debug|Any CPU.ActiveCfg = Debug|Any CPU
		{26CBD337-BCDC-4803-9387-B96F102F3DBC}.Debug|Any CPU.Build.0 = Debug|Any CPU
		{26CBD337-BCDC-4803-9387-B96F102F3DBC}.Release|Any CPU.ActiveCfg = Release|Any CPU
		{26CBD337-BCDC-4803-9387-B96F102F3DBC}.Release|Any CPU.Build.0 = Release|Any CPU
		{91F69F3D-EADB-4101-9934-774086DC67D7}.Debug|Any CPU.ActiveCfg = Debug|Any CPU
		{91F69F3D-EADB-4101-9934-774086DC67D7}.Debug|Any CPU.Build.0 = Debug|Any CPU
		{91F69F3D-EADB-4101-9934-774086DC67D7}.Release|Any CPU.ActiveCfg = Release|Any CPU
		{91F69F3D-EADB-4101-9934-774086DC67D7}.Release|Any CPU.Build.0 = Release|Any CPU
		{1A3F0E12-6F52-43BD-AD14-E959ACE5EC23}.Debug|Any CPU.ActiveCfg = Debug|Any CPU
		{1A3F0E12-6F52-43BD-AD14-E959ACE5EC23}.Debug|Any CPU.Build.0 = Debug|Any CPU
		{1A3F0E12-6F52-43BD-AD14-E959ACE5EC23}.Release|Any CPU.ActiveCfg = Release|Any CPU
		{1A3F0E12-6F52-43BD-AD14-E959ACE5EC23}.Release|Any CPU.Build.0 = Release|Any CPU
		{72C9D9D3-C89C-45A7-80AC-1071C9E4AB0E}.Debug|Any CPU.ActiveCfg = Debug|Any CPU
		{72C9D9D3-C89C-45A7-80AC-1071C9E4AB0E}.Debug|Any CPU.Build.0 = Debug|Any CPU
		{72C9D9D3-C89C-45A7-80AC-1071C9E4AB0E}.Release|Any CPU.ActiveCfg = Release|Any CPU
		{72C9D9D3-C89C-45A7-80AC-1071C9E4AB0E}.Release|Any CPU.Build.0 = Release|Any CPU
		{B2810EA5-C921-4FC4-988F-0B3C15FA144C}.Debug|Any CPU.ActiveCfg = Debug|Any CPU
		{B2810EA5-C921-4FC4-988F-0B3C15FA144C}.Debug|Any CPU.Build.0 = Debug|Any CPU
		{B2810EA5-C921-4FC4-988F-0B3C15FA144C}.Release|Any CPU.ActiveCfg = Release|Any CPU
		{B2810EA5-C921-4FC4-988F-0B3C15FA144C}.Release|Any CPU.Build.0 = Release|Any CPU
		{73D0B1D7-9B6B-4BD4-901F-4F8A13660A7B}.Debug|Any CPU.ActiveCfg = Debug|Any CPU
		{73D0B1D7-9B6B-4BD4-901F-4F8A13660A7B}.Debug|Any CPU.Build.0 = Debug|Any CPU
		{73D0B1D7-9B6B-4BD4-901F-4F8A13660A7B}.Release|Any CPU.ActiveCfg = Release|Any CPU
		{73D0B1D7-9B6B-4BD4-901F-4F8A13660A7B}.Release|Any CPU.Build.0 = Release|Any CPU
		{17678789-53E7-4E53-A436-1937C9D9C343}.Debug|Any CPU.ActiveCfg = Debug|Any CPU
		{17678789-53E7-4E53-A436-1937C9D9C343}.Debug|Any CPU.Build.0 = Debug|Any CPU
		{17678789-53E7-4E53-A436-1937C9D9C343}.Release|Any CPU.ActiveCfg = Release|Any CPU
		{17678789-53E7-4E53-A436-1937C9D9C343}.Release|Any CPU.Build.0 = Release|Any CPU
		{BC3AFC84-8BD3-43BA-8824-69CDC5E1E922}.Debug|Any CPU.ActiveCfg = Debug|Any CPU
		{BC3AFC84-8BD3-43BA-8824-69CDC5E1E922}.Debug|Any CPU.Build.0 = Debug|Any CPU
		{BC3AFC84-8BD3-43BA-8824-69CDC5E1E922}.Release|Any CPU.ActiveCfg = Release|Any CPU
		{BC3AFC84-8BD3-43BA-8824-69CDC5E1E922}.Release|Any CPU.Build.0 = Release|Any CPU
		{C9914DB8-382A-4780-9A6C-8916E94B33F9}.Debug|Any CPU.ActiveCfg = Debug|Any CPU
		{C9914DB8-382A-4780-9A6C-8916E94B33F9}.Debug|Any CPU.Build.0 = Debug|Any CPU
		{C9914DB8-382A-4780-9A6C-8916E94B33F9}.Release|Any CPU.ActiveCfg = Release|Any CPU
		{C9914DB8-382A-4780-9A6C-8916E94B33F9}.Release|Any CPU.Build.0 = Release|Any CPU
		{087BAF01-9F16-4DFE-86B9-36A03D32E56D}.Debug|Any CPU.ActiveCfg = Debug|Any CPU
		{087BAF01-9F16-4DFE-86B9-36A03D32E56D}.Debug|Any CPU.Build.0 = Debug|Any CPU
		{087BAF01-9F16-4DFE-86B9-36A03D32E56D}.Release|Any CPU.ActiveCfg = Release|Any CPU
		{087BAF01-9F16-4DFE-86B9-36A03D32E56D}.Release|Any CPU.Build.0 = Release|Any CPU
	EndGlobalSection
	GlobalSection(SolutionProperties) = preSolution
		HideSolutionNode = FALSE
	EndGlobalSection
	GlobalSection(NestedProjects) = preSolution
		{2907B3B9-7E11-42BB-8010-2C050D4E2419} = {FE2F8A48-0C71-4344-A105-61CD8F7B8CDE}
		{7115F1B8-A55E-4939-891C-F732000BFEF9} = {FE2F8A48-0C71-4344-A105-61CD8F7B8CDE}
		{4CE798A5-018A-4974-AD99-8ECE8A0CBAEA} = {216EF8F5-4F7A-440F-AE7B-9B6A2D0D1ACC}
		{2D335F31-0AD6-4C2B-B625-EC40A4D27002} = {216EF8F5-4F7A-440F-AE7B-9B6A2D0D1ACC}
		{26CBD337-BCDC-4803-9387-B96F102F3DBC} = {216EF8F5-4F7A-440F-AE7B-9B6A2D0D1ACC}
		{91F69F3D-EADB-4101-9934-774086DC67D7} = {216EF8F5-4F7A-440F-AE7B-9B6A2D0D1ACC}
		{1A3F0E12-6F52-43BD-AD14-E959ACE5EC23} = {216EF8F5-4F7A-440F-AE7B-9B6A2D0D1ACC}
		{72C9D9D3-C89C-45A7-80AC-1071C9E4AB0E} = {216EF8F5-4F7A-440F-AE7B-9B6A2D0D1ACC}
		{B2810EA5-C921-4FC4-988F-0B3C15FA144C} = {079FDD69-AF0C-4EEC-A940-50C2B4553687}
		{73D0B1D7-9B6B-4BD4-901F-4F8A13660A7B} = {079FDD69-AF0C-4EEC-A940-50C2B4553687}
		{17678789-53E7-4E53-A436-1937C9D9C343} = {079FDD69-AF0C-4EEC-A940-50C2B4553687}
		{BC3AFC84-8BD3-43BA-8824-69CDC5E1E922} = {079FDD69-AF0C-4EEC-A940-50C2B4553687}
		{087BAF01-9F16-4DFE-86B9-36A03D32E56D} = {FE2F8A48-0C71-4344-A105-61CD8F7B8CDE}
	EndGlobalSection
	GlobalSection(ExtensibilityGlobals) = postSolution
		RESX_NeutralResourcesLanguage = ko-KR
		SolutionGuid = {956AA7ED-330F-4743-94F8-6AA31246CF1B}
		RESX_CultureCountyOverrides = ko=ko-KR
	EndGlobalSection
EndGlobal
