
Microsoft Visual Studio Solution File, Format Version 12.00
# Visual Studio Version 17
VisualStudioVersion = 17.10.35027.167
MinimumVisualStudioVersion = 10.0.40219.1
Project("{2150E333-8FDC-42A3-9474-1A3956D46DE8}") = "BLL", "BLL", "{079FDD69-AF0C-4EEC-A940-50C2B4553687}"
EndProject
Project("{2150E333-8FDC-42A3-9474-1A3956D46DE8}") = "DAL", "DAL", "{216EF8F5-4F7A-440F-AE7B-9B6A2D0D1ACC}"
EndProject
Project("{9A19103F-16F7-4668-BE54-9A1E7A4F7556}") = "AuthService", "BLL\AuthService\AuthService.csproj", "{8FE6C75B-E8C0-44B6-BA8F-4BAB6021F792}"
EndProject
Project("{9A19103F-16F7-4668-BE54-9A1E7A4F7556}") = "UserDAL", "DAL\UserDAL\UserDAL.csproj", "{F9AFB9BC-CFE9-4265-975C-671CD1C86FCD}"
EndProject
Project("{9A19103F-16F7-4668-BE54-9A1E7A4F7556}") = "CoreDAL", "DAL\CoreDAL\CoreDAL.csproj", "{8C8691E0-F557-4086-8183-A147F3DF6DBF}"
EndProject
Project("{9A19103F-16F7-4668-BE54-9A1E7A4F7556}") = "WebFront", "WebFront\WebFront.csproj", "{5A6C872E-9AD8-40A3-9D3B-3A1DFD10DAC6}"
EndProject
Project("{9A19103F-16F7-4668-BE54-9A1E7A4F7556}") = "IOManagerBLL", "BLL\IOManager\IOManagerBLL.csproj", "{E1C1B0B4-BD77-4B23-84B7-B37E0D271025}"
EndProject
Project("{9A19103F-16F7-4668-BE54-9A1E7A4F7556}") = "TestProject", "TestProject\TestProject.csproj", "{D1780A6B-4ACF-48A5-802B-3201B04DF71E}"
EndProject
Project("{9A19103F-16F7-4668-BE54-9A1E7A4F7556}") = "CryptoManager", "BLL\CryptoManager\CryptoManager.csproj", "{60616445-3B31-48A9-9C12-D1D7264878AE}"
EndProject
Project("{9A19103F-16F7-4668-BE54-9A1E7A4F7556}") = "VisitReserveDAL", "DAL\VisitReserveDAL\VisitReserveDAL.csproj", "{4F4C5B8E-0BA6-4250-BABC-ED5B84FE3C5F}"
EndProject
Project("{9A19103F-16F7-4668-BE54-9A1E7A4F7556}") = "CarriedItemDAL", "DAL\CarriedItemDAL\CarriedItemDAL.csproj", "{99A3D697-A76B-49EA-B1E9-94119C53870C}"
EndProject
Project("{9A19103F-16F7-4668-BE54-9A1E7A4F7556}") = "AgreementDAL", "DAL\AgreementDAL\AgreementDAL.csproj", "{DE722D35-B4AE-433B-BA0B-EB00086F7A3C}"
EndProject
Project("{FAE04EC0-301F-11D3-BF4B-00C04F79EFBC}") = "OrgDAL", "DAL\OrgDAL\OrgDAL.csproj", "{CA5AE443-016B-4A37-B7C0-BBE7DCD40114}"
EndProject
Project("{FAE04EC0-301F-11D3-BF4B-00C04F79EFBC}") = "OrgBLL", "BLL\OrgBLL\OrgBLL.csproj", "{EC91FEB5-DA8E-464B-92FC-C91C807AC9FD}"
EndProject
Project("{FAE04EC0-301F-11D3-BF4B-00C04F79EFBC}") = "VisitBLL", "BLL\VisitBLL\VisitBLL.csproj", "{239AB40C-3E0A-4251-B897-E07A9E4C1422}"
EndProject
Project("{2150E333-8FDC-42A3-9474-1A3956D46DE8}") = "AdditionalModule", "AdditionalModule", "{FE2F8A48-0C71-4344-A105-61CD8F7B8CDE}"
EndProject
Project("{FAE04EC0-301F-11D3-BF4B-00C04F79EFBC}") = "FileIOHelper", "AdditionalModule\FileIOHelper\FileIOHelper.csproj", "{1769676D-E287-4AF1-B389-6A34CD103CB2}"
EndProject
Project("{FAE04EC0-301F-11D3-BF4B-00C04F79EFBC}") = "SingletonManager", "AdditionalModule\SingletonManager\SingletonManager.csproj", "{D6044216-8376-4177-9803-4CDE22D09E3E}"
EndProject
Global
	GlobalSection(SolutionConfigurationPlatforms) = preSolution
		Debug|Any CPU = Debug|Any CPU
		Release|Any CPU = Release|Any CPU
	EndGlobalSection
	GlobalSection(ProjectConfigurationPlatforms) = postSolution
		{8FE6C75B-E8C0-44B6-BA8F-4BAB6021F792}.Debug|Any CPU.ActiveCfg = Debug|Any CPU
		{8FE6C75B-E8C0-44B6-BA8F-4BAB6021F792}.Debug|Any CPU.Build.0 = Debug|Any CPU
		{8FE6C75B-E8C0-44B6-BA8F-4BAB6021F792}.Release|Any CPU.ActiveCfg = Release|Any CPU
		{8FE6C75B-E8C0-44B6-BA8F-4BAB6021F792}.Release|Any CPU.Build.0 = Release|Any CPU
		{F9AFB9BC-CFE9-4265-975C-671CD1C86FCD}.Debug|Any CPU.ActiveCfg = Debug|Any CPU
		{F9AFB9BC-CFE9-4265-975C-671CD1C86FCD}.Debug|Any CPU.Build.0 = Debug|Any CPU
		{F9AFB9BC-CFE9-4265-975C-671CD1C86FCD}.Release|Any CPU.ActiveCfg = Release|Any CPU
		{F9AFB9BC-CFE9-4265-975C-671CD1C86FCD}.Release|Any CPU.Build.0 = Release|Any CPU
		{8C8691E0-F557-4086-8183-A147F3DF6DBF}.Debug|Any CPU.ActiveCfg = Debug|Any CPU
		{8C8691E0-F557-4086-8183-A147F3DF6DBF}.Debug|Any CPU.Build.0 = Debug|Any CPU
		{8C8691E0-F557-4086-8183-A147F3DF6DBF}.Release|Any CPU.ActiveCfg = Release|Any CPU
		{8C8691E0-F557-4086-8183-A147F3DF6DBF}.Release|Any CPU.Build.0 = Release|Any CPU
		{5A6C872E-9AD8-40A3-9D3B-3A1DFD10DAC6}.Debug|Any CPU.ActiveCfg = Debug|Any CPU
		{5A6C872E-9AD8-40A3-9D3B-3A1DFD10DAC6}.Debug|Any CPU.Build.0 = Debug|Any CPU
		{5A6C872E-9AD8-40A3-9D3B-3A1DFD10DAC6}.Release|Any CPU.ActiveCfg = Release|Any CPU
		{5A6C872E-9AD8-40A3-9D3B-3A1DFD10DAC6}.Release|Any CPU.Build.0 = Release|Any CPU
		{E1C1B0B4-BD77-4B23-84B7-B37E0D271025}.Debug|Any CPU.ActiveCfg = Debug|Any CPU
		{E1C1B0B4-BD77-4B23-84B7-B37E0D271025}.Debug|Any CPU.Build.0 = Debug|Any CPU
		{E1C1B0B4-BD77-4B23-84B7-B37E0D271025}.Release|Any CPU.ActiveCfg = Release|Any CPU
		{E1C1B0B4-BD77-4B23-84B7-B37E0D271025}.Release|Any CPU.Build.0 = Release|Any CPU
		{D1780A6B-4ACF-48A5-802B-3201B04DF71E}.Debug|Any CPU.ActiveCfg = Debug|Any CPU
		{D1780A6B-4ACF-48A5-802B-3201B04DF71E}.Debug|Any CPU.Build.0 = Debug|Any CPU
		{D1780A6B-4ACF-48A5-802B-3201B04DF71E}.Release|Any CPU.ActiveCfg = Release|Any CPU
		{D1780A6B-4ACF-48A5-802B-3201B04DF71E}.Release|Any CPU.Build.0 = Release|Any CPU
		{60616445-3B31-48A9-9C12-D1D7264878AE}.Debug|Any CPU.ActiveCfg = Debug|Any CPU
		{60616445-3B31-48A9-9C12-D1D7264878AE}.Debug|Any CPU.Build.0 = Debug|Any CPU
		{60616445-3B31-48A9-9C12-D1D7264878AE}.Release|Any CPU.ActiveCfg = Release|Any CPU
		{60616445-3B31-48A9-9C12-D1D7264878AE}.Release|Any CPU.Build.0 = Release|Any CPU
		{4F4C5B8E-0BA6-4250-BABC-ED5B84FE3C5F}.Debug|Any CPU.ActiveCfg = Debug|Any CPU
		{4F4C5B8E-0BA6-4250-BABC-ED5B84FE3C5F}.Debug|Any CPU.Build.0 = Debug|Any CPU
		{4F4C5B8E-0BA6-4250-BABC-ED5B84FE3C5F}.Release|Any CPU.ActiveCfg = Release|Any CPU
		{4F4C5B8E-0BA6-4250-BABC-ED5B84FE3C5F}.Release|Any CPU.Build.0 = Release|Any CPU
		{99A3D697-A76B-49EA-B1E9-94119C53870C}.Debug|Any CPU.ActiveCfg = Debug|Any CPU
		{99A3D697-A76B-49EA-B1E9-94119C53870C}.Debug|Any CPU.Build.0 = Debug|Any CPU
		{99A3D697-A76B-49EA-B1E9-94119C53870C}.Release|Any CPU.ActiveCfg = Release|Any CPU
		{99A3D697-A76B-49EA-B1E9-94119C53870C}.Release|Any CPU.Build.0 = Release|Any CPU
		{DE722D35-B4AE-433B-BA0B-EB00086F7A3C}.Debug|Any CPU.ActiveCfg = Debug|Any CPU
		{DE722D35-B4AE-433B-BA0B-EB00086F7A3C}.Debug|Any CPU.Build.0 = Debug|Any CPU
		{DE722D35-B4AE-433B-BA0B-EB00086F7A3C}.Release|Any CPU.ActiveCfg = Release|Any CPU
		{DE722D35-B4AE-433B-BA0B-EB00086F7A3C}.Release|Any CPU.Build.0 = Release|Any CPU
		{CA5AE443-016B-4A37-B7C0-BBE7DCD40114}.Debug|Any CPU.ActiveCfg = Debug|Any CPU
		{CA5AE443-016B-4A37-B7C0-BBE7DCD40114}.Debug|Any CPU.Build.0 = Debug|Any CPU
		{CA5AE443-016B-4A37-B7C0-BBE7DCD40114}.Release|Any CPU.ActiveCfg = Release|Any CPU
		{CA5AE443-016B-4A37-B7C0-BBE7DCD40114}.Release|Any CPU.Build.0 = Release|Any CPU
		{EC91FEB5-DA8E-464B-92FC-C91C807AC9FD}.Debug|Any CPU.ActiveCfg = Debug|Any CPU
		{EC91FEB5-DA8E-464B-92FC-C91C807AC9FD}.Debug|Any CPU.Build.0 = Debug|Any CPU
		{EC91FEB5-DA8E-464B-92FC-C91C807AC9FD}.Release|Any CPU.ActiveCfg = Release|Any CPU
		{EC91FEB5-DA8E-464B-92FC-C91C807AC9FD}.Release|Any CPU.Build.0 = Release|Any CPU
		{239AB40C-3E0A-4251-B897-E07A9E4C1422}.Debug|Any CPU.ActiveCfg = Debug|Any CPU
		{239AB40C-3E0A-4251-B897-E07A9E4C1422}.Debug|Any CPU.Build.0 = Debug|Any CPU
		{239AB40C-3E0A-4251-B897-E07A9E4C1422}.Release|Any CPU.ActiveCfg = Release|Any CPU
		{239AB40C-3E0A-4251-B897-E07A9E4C1422}.Release|Any CPU.Build.0 = Release|Any CPU
		{1769676D-E287-4AF1-B389-6A34CD103CB2}.Debug|Any CPU.ActiveCfg = Debug|Any CPU
		{1769676D-E287-4AF1-B389-6A34CD103CB2}.Debug|Any CPU.Build.0 = Debug|Any CPU
		{1769676D-E287-4AF1-B389-6A34CD103CB2}.Release|Any CPU.ActiveCfg = Release|Any CPU
		{1769676D-E287-4AF1-B389-6A34CD103CB2}.Release|Any CPU.Build.0 = Release|Any CPU
		{D6044216-8376-4177-9803-4CDE22D09E3E}.Debug|Any CPU.ActiveCfg = Debug|Any CPU
		{D6044216-8376-4177-9803-4CDE22D09E3E}.Debug|Any CPU.Build.0 = Debug|Any CPU
		{D6044216-8376-4177-9803-4CDE22D09E3E}.Release|Any CPU.ActiveCfg = Release|Any CPU
		{D6044216-8376-4177-9803-4CDE22D09E3E}.Release|Any CPU.Build.0 = Release|Any CPU
	EndGlobalSection
	GlobalSection(SolutionProperties) = preSolution
		HideSolutionNode = FALSE
	EndGlobalSection
	GlobalSection(NestedProjects) = preSolution
		{8FE6C75B-E8C0-44B6-BA8F-4BAB6021F792} = {079FDD69-AF0C-4EEC-A940-50C2B4553687}
		{F9AFB9BC-CFE9-4265-975C-671CD1C86FCD} = {216EF8F5-4F7A-440F-AE7B-9B6A2D0D1ACC}
		{8C8691E0-F557-4086-8183-A147F3DF6DBF} = {216EF8F5-4F7A-440F-AE7B-9B6A2D0D1ACC}
		{E1C1B0B4-BD77-4B23-84B7-B37E0D271025} = {079FDD69-AF0C-4EEC-A940-50C2B4553687}
		{60616445-3B31-48A9-9C12-D1D7264878AE} = {079FDD69-AF0C-4EEC-A940-50C2B4553687}
		{4F4C5B8E-0BA6-4250-BABC-ED5B84FE3C5F} = {216EF8F5-4F7A-440F-AE7B-9B6A2D0D1ACC}
		{99A3D697-A76B-49EA-B1E9-94119C53870C} = {216EF8F5-4F7A-440F-AE7B-9B6A2D0D1ACC}
		{DE722D35-B4AE-433B-BA0B-EB00086F7A3C} = {216EF8F5-4F7A-440F-AE7B-9B6A2D0D1ACC}
		{CA5AE443-016B-4A37-B7C0-BBE7DCD40114} = {216EF8F5-4F7A-440F-AE7B-9B6A2D0D1ACC}
		{EC91FEB5-DA8E-464B-92FC-C91C807AC9FD} = {079FDD69-AF0C-4EEC-A940-50C2B4553687}
		{239AB40C-3E0A-4251-B897-E07A9E4C1422} = {079FDD69-AF0C-4EEC-A940-50C2B4553687}
		{1769676D-E287-4AF1-B389-6A34CD103CB2} = {FE2F8A48-0C71-4344-A105-61CD8F7B8CDE}
		{D6044216-8376-4177-9803-4CDE22D09E3E} = {FE2F8A48-0C71-4344-A105-61CD8F7B8CDE}
	EndGlobalSection
	GlobalSection(ExtensibilityGlobals) = postSolution
		RESX_NeutralResourcesLanguage = ko-KR
		SolutionGuid = {956AA7ED-330F-4743-94F8-6AA31246CF1B}
		RESX_CultureCountyOverrides = ko=ko-KR
	EndGlobalSection
EndGlobal
